[ "jsx": {:git, "https://github.com/talentdeficit/jsx.git", "e50af6e109cb03bd26acf715cbc77de746507d1d", [ref: "v1.4.3"]},
  "leds": {:git, "git://github.com/nerves-project/leds.git", "4730a1d47c0c01254c2d60697b99bcf445a31901", []},
  "nerves_utils": {:git, "git://github.com/nerves-project/nerves-utils.git", "dd246cf767d1eb0cdca1f3ce8cfd6da5a51063a4", []} ]
